
Microsoft Visual Studio Solution File, Format Version 12.00
# Visual Studio 14
VisualStudioVersion = 14.0.23107.0
MinimumVisualStudioVersion = 10.0.40219.1
Project("{FAE04EC0-301F-11D3-BF4B-00C04F79EFBC}") = "LicenseDB", "LicenseDB\LicenseDB.csproj", "{6232FE86-BBAB-4CC5-972E-A79BC7BA5E48}"
EndProject
Global
	GlobalSection(SolutionConfigurationPlatforms) = preSolution
		Debug|Any CPU = Debug|Any CPU
		Release|Any CPU = Release|Any CPU
	EndGlobalSection
	GlobalSection(ProjectConfigurationPlatforms) = postSolution
		{6232FE86-BBAB-4CC5-972E-A79BC7BA5E48}.Debug|Any CPU.ActiveCfg = Debug|Any CPU
		{6232FE86-BBAB-4CC5-972E-A79BC7BA5E48}.Debug|Any CPU.Build.0 = Debug|Any CPU
		{6232FE86-BBAB-4CC5-972E-A79BC7BA5E48}.Release|Any CPU.ActiveCfg = Release|Any CPU
		{6232FE86-BBAB-4CC5-972E-A79BC7BA5E48}.Release|Any CPU.Build.0 = Release|Any CPU
	EndGlobalSection
	GlobalSection(SolutionProperties) = preSolution
		HideSolutionNode = FALSE
	EndGlobalSection
	GlobalSection(ExtensibilityGlobals) = postSolution
		SolutionGuid = {432F6EA2-8095-4344-BFA2-B67F0A47EA16}
	EndGlobalSection
EndGlobal
